// !$*UTF8*$!
{
	archiveVersion = 1;
	classes = {
	};
	objectVersion = 56;
	objects = {

/* Begin PBXBuildFile section */
		EDA7F3681E158AE4B19D6CA3 /* Pods_Test.framework in Frameworks */ = {isa = PBXBuildFile; fileRef = D02C86E60EC69CF7566260D5 /* Pods_Test.framework */; };
		FC0FD5A729B89F4100CBDA79 /* LiveAudioView.swift in Sources */ = {isa = PBXBuildFile; fileRef = FC0FD5A629B89F4000CBDA79 /* LiveAudioView.swift */; };
		FC0FD5A929B89F7200CBDA79 /* LiveAudioViewModel.swift in Sources */ = {isa = PBXBuildFile; fileRef = FC0FD5A829B89F7200CBDA79 /* LiveAudioViewModel.swift */; };
		FC14A41529BB119700C49D2C /* DelayProcessingView.swift in Sources */ = {isa = PBXBuildFile; fileRef = FC14A41429BB119700C49D2C /* DelayProcessingView.swift */; };
		FC14A41729BB11EA00C49D2C /* DelayProcessingViewModel.swift in Sources */ = {isa = PBXBuildFile; fileRef = FC14A41629BB11EA00C49D2C /* DelayProcessingViewModel.swift */; };
		FC14A41929C0416D00C49D2C /* ShowAlertView.swift in Sources */ = {isa = PBXBuildFile; fileRef = FC14A41829C0416D00C49D2C /* ShowAlertView.swift */; };
		FC14A41B29C041DA00C49D2C /* ShowAlertViewModel.swift in Sources */ = {isa = PBXBuildFile; fileRef = FC14A41A29C041DA00C49D2C /* ShowAlertViewModel.swift */; };
		FC14A41D29C1A62600C49D2C /* TextNumberView.swift in Sources */ = {isa = PBXBuildFile; fileRef = FC14A41C29C1A62600C49D2C /* TextNumberView.swift */; };
		FC1756CD29C8479000FD639F /* DatabaseListView.swift in Sources */ = {isa = PBXBuildFile; fileRef = FC1756CC29C8479000FD639F /* DatabaseListView.swift */; };
		FC1756CF29C847FA00FD639F /* DatabaseListViewModel.swift in Sources */ = {isa = PBXBuildFile; fileRef = FC1756CE29C847FA00FD639F /* DatabaseListViewModel.swift */; };
		FC1756D229C848BF00FD639F /* DatabaseTableData.swift in Sources */ = {isa = PBXBuildFile; fileRef = FC1756D129C848BF00FD639F /* DatabaseTableData.swift */; };
		FC1756D429C8492800FD639F /* DatabaseManage.swift in Sources */ = {isa = PBXBuildFile; fileRef = FC1756D329C8492800FD639F /* DatabaseManage.swift */; };
		FC1756D929CAD06600FD639F /* Date+Additional.swift in Sources */ = {isa = PBXBuildFile; fileRef = FC1756D829CAD06600FD639F /* Date+Additional.swift */; };
		FC1756E629D155FF00FD639F /* EnumAllView.swift in Sources */ = {isa = PBXBuildFile; fileRef = FC1756E529D155FF00FD639F /* EnumAllView.swift */; };
		FC1756E929D1566B00FD639F /* EnumAttribute.swift in Sources */ = {isa = PBXBuildFile; fileRef = FC1756E829D1566B00FD639F /* EnumAttribute.swift */; };
		FC1756EE29D29F3400FD639F /* SpeechView.swift in Sources */ = {isa = PBXBuildFile; fileRef = FC1756ED29D29F3400FD639F /* SpeechView.swift */; };
		FC1756F029D29F5500FD639F /* SpeechViewModel.swift in Sources */ = {isa = PBXBuildFile; fileRef = FC1756EF29D29F5500FD639F /* SpeechViewModel.swift */; };
		FC1756F229D4078500FD639F /* UserInterfaceView.swift in Sources */ = {isa = PBXBuildFile; fileRef = FC1756F129D4078500FD639F /* UserInterfaceView.swift */; };
		FC7F397F29C2CCA70071FA03 /* TransScreenView.swift in Sources */ = {isa = PBXBuildFile; fileRef = FC7F397E29C2CCA70071FA03 /* TransScreenView.swift */; };
		FC7F398129C2CCFE0071FA03 /* TransScreenViewModel.swift in Sources */ = {isa = PBXBuildFile; fileRef = FC7F398029C2CCFE0071FA03 /* TransScreenViewModel.swift */; };
		FC7F398329C2CDCE0071FA03 /* TransScreenSecondView.swift in Sources */ = {isa = PBXBuildFile; fileRef = FC7F398229C2CDCE0071FA03 /* TransScreenSecondView.swift */; };
		FC835239298EC1F400614D6B /* TestApp.swift in Sources */ = {isa = PBXBuildFile; fileRef = FC835238298EC1F400614D6B /* TestApp.swift */; };
		FC83523B298EC1F400614D6B /* RotateView.swift in Sources */ = {isa = PBXBuildFile; fileRef = FC83523A298EC1F400614D6B /* RotateView.swift */; };
		FC83523D298EC1F800614D6B /* Assets.xcassets in Resources */ = {isa = PBXBuildFile; fileRef = FC83523C298EC1F800614D6B /* Assets.xcassets */; };
		FC835240298EC1F800614D6B /* Preview Assets.xcassets in Resources */ = {isa = PBXBuildFile; fileRef = FC83523F298EC1F800614D6B /* Preview Assets.xcassets */; };
		FCCDCEF329B1BCE400924E08 /* AppDelegate.swift in Sources */ = {isa = PBXBuildFile; fileRef = FCCDCEF229B1BCE400924E08 /* AppDelegate.swift */; };
		FCCDCEF729B1BEEE00924E08 /* RotateViewModel.swift in Sources */ = {isa = PBXBuildFile; fileRef = FCCDCEF629B1BEEE00924E08 /* RotateViewModel.swift */; };
		FCF5A93A29B35587004154F2 /* PickerView.swift in Sources */ = {isa = PBXBuildFile; fileRef = FCF5A93929B35587004154F2 /* PickerView.swift */; };
		FCF5A93C29B35602004154F2 /* PickerViewModel.swift in Sources */ = {isa = PBXBuildFile; fileRef = FCF5A93B29B35602004154F2 /* PickerViewModel.swift */; };
		FCF5A93E29B5B5E5004154F2 /* TimerView.swift in Sources */ = {isa = PBXBuildFile; fileRef = FCF5A93D29B5B5E5004154F2 /* TimerView.swift */; };
		FCF5A94029B5B62A004154F2 /* TimerViewModel.swift in Sources */ = {isa = PBXBuildFile; fileRef = FCF5A93F29B5B62A004154F2 /* TimerViewModel.swift */; };
		FCF5A94229B650DD004154F2 /* RadioButtonsView.swift in Sources */ = {isa = PBXBuildFile; fileRef = FCF5A94129B650DD004154F2 /* RadioButtonsView.swift */; };
		FCF5A94429B65B71004154F2 /* RadioButtonsViewModel.swift in Sources */ = {isa = PBXBuildFile; fileRef = FCF5A94329B65B71004154F2 /* RadioButtonsViewModel.swift */; };
		FCF5A94629B715DA004154F2 /* ApplicationNotificationView.swift in Sources */ = {isa = PBXBuildFile; fileRef = FCF5A94529B715DA004154F2 /* ApplicationNotificationView.swift */; };
		FCF5A94829B85D0B004154F2 /* PlaySoundView.swift in Sources */ = {isa = PBXBuildFile; fileRef = FCF5A94729B85D0A004154F2 /* PlaySoundView.swift */; };
		FCF5A94A29B85D8A004154F2 /* PlaySoundViewModel.swift in Sources */ = {isa = PBXBuildFile; fileRef = FCF5A94929B85D8A004154F2 /* PlaySoundViewModel.swift */; };
/* End PBXBuildFile section */

/* Begin PBXFileReference section */
		0165407A1D8233AB14A498BE /* Pods-Test.debug.xcconfig */ = {isa = PBXFileReference; includeInIndex = 1; lastKnownFileType = text.xcconfig; name = "Pods-Test.debug.xcconfig"; path = "Target Support Files/Pods-Test/Pods-Test.debug.xcconfig"; sourceTree = "<group>"; };
		D02C86E60EC69CF7566260D5 /* Pods_Test.framework */ = {isa = PBXFileReference; explicitFileType = wrapper.framework; includeInIndex = 0; path = Pods_Test.framework; sourceTree = BUILT_PRODUCTS_DIR; };
		D1A1EFBC1168912841A53ABF /* Pods-Test.release.xcconfig */ = {isa = PBXFileReference; includeInIndex = 1; lastKnownFileType = text.xcconfig; name = "Pods-Test.release.xcconfig"; path = "Target Support Files/Pods-Test/Pods-Test.release.xcconfig"; sourceTree = "<group>"; };
		FC0FD5A629B89F4000CBDA79 /* LiveAudioView.swift */ = {isa = PBXFileReference; lastKnownFileType = sourcecode.swift; path = LiveAudioView.swift; sourceTree = "<group>"; };
		FC0FD5A829B89F7200CBDA79 /* LiveAudioViewModel.swift */ = {isa = PBXFileReference; lastKnownFileType = sourcecode.swift; path = LiveAudioViewModel.swift; sourceTree = "<group>"; };
		FC14A41429BB119700C49D2C /* DelayProcessingView.swift */ = {isa = PBXFileReference; lastKnownFileType = sourcecode.swift; path = DelayProcessingView.swift; sourceTree = "<group>"; };
		FC14A41629BB11EA00C49D2C /* DelayProcessingViewModel.swift */ = {isa = PBXFileReference; lastKnownFileType = sourcecode.swift; path = DelayProcessingViewModel.swift; sourceTree = "<group>"; };
		FC14A41829C0416D00C49D2C /* ShowAlertView.swift */ = {isa = PBXFileReference; lastKnownFileType = sourcecode.swift; path = ShowAlertView.swift; sourceTree = "<group>"; };
		FC14A41A29C041DA00C49D2C /* ShowAlertViewModel.swift */ = {isa = PBXFileReference; lastKnownFileType = sourcecode.swift; path = ShowAlertViewModel.swift; sourceTree = "<group>"; };
		FC14A41C29C1A62600C49D2C /* TextNumberView.swift */ = {isa = PBXFileReference; lastKnownFileType = sourcecode.swift; path = TextNumberView.swift; sourceTree = "<group>"; };
		FC1756CC29C8479000FD639F /* DatabaseListView.swift */ = {isa = PBXFileReference; lastKnownFileType = sourcecode.swift; path = DatabaseListView.swift; sourceTree = "<group>"; };
		FC1756CE29C847FA00FD639F /* DatabaseListViewModel.swift */ = {isa = PBXFileReference; lastKnownFileType = sourcecode.swift; path = DatabaseListViewModel.swift; sourceTree = "<group>"; };
		FC1756D129C848BF00FD639F /* DatabaseTableData.swift */ = {isa = PBXFileReference; lastKnownFileType = sourcecode.swift; path = DatabaseTableData.swift; sourceTree = "<group>"; };
		FC1756D329C8492800FD639F /* DatabaseManage.swift */ = {isa = PBXFileReference; lastKnownFileType = sourcecode.swift; path = DatabaseManage.swift; sourceTree = "<group>"; };
		FC1756D829CAD06600FD639F /* Date+Additional.swift */ = {isa = PBXFileReference; lastKnownFileType = sourcecode.swift; path = "Date+Additional.swift"; sourceTree = "<group>"; };
		FC1756E529D155FF00FD639F /* EnumAllView.swift */ = {isa = PBXFileReference; lastKnownFileType = sourcecode.swift; path = EnumAllView.swift; sourceTree = "<group>"; };
		FC1756E829D1566B00FD639F /* EnumAttribute.swift */ = {isa = PBXFileReference; lastKnownFileType = sourcecode.swift; path = EnumAttribute.swift; sourceTree = "<group>"; };
		FC1756ED29D29F3400FD639F /* SpeechView.swift */ = {isa = PBXFileReference; lastKnownFileType = sourcecode.swift; path = SpeechView.swift; sourceTree = "<group>"; };
		FC1756EF29D29F5500FD639F /* SpeechViewModel.swift */ = {isa = PBXFileReference; lastKnownFileType = sourcecode.swift; path = SpeechViewModel.swift; sourceTree = "<group>"; };
		FC1756F129D4078500FD639F /* UserInterfaceView.swift */ = {isa = PBXFileReference; lastKnownFileType = sourcecode.swift; path = UserInterfaceView.swift; sourceTree = "<group>"; };
		FC7F397E29C2CCA70071FA03 /* TransScreenView.swift */ = {isa = PBXFileReference; lastKnownFileType = sourcecode.swift; path = TransScreenView.swift; sourceTree = "<group>"; };
		FC7F398029C2CCFE0071FA03 /* TransScreenViewModel.swift */ = {isa = PBXFileReference; lastKnownFileType = sourcecode.swift; path = TransScreenViewModel.swift; sourceTree = "<group>"; };
		FC7F398229C2CDCE0071FA03 /* TransScreenSecondView.swift */ = {isa = PBXFileReference; lastKnownFileType = sourcecode.swift; path = TransScreenSecondView.swift; sourceTree = "<group>"; };
		FC835235298EC1F400614D6B /* Test.app */ = {isa = PBXFileReference; explicitFileType = wrapper.application; includeInIndex = 0; path = Test.app; sourceTree = BUILT_PRODUCTS_DIR; };
		FC835238298EC1F400614D6B /* TestApp.swift */ = {isa = PBXFileReference; lastKnownFileType = sourcecode.swift; path = TestApp.swift; sourceTree = "<group>"; };
		FC83523A298EC1F400614D6B /* RotateView.swift */ = {isa = PBXFileReference; lastKnownFileType = sourcecode.swift; path = RotateView.swift; sourceTree = "<group>"; };
		FC83523C298EC1F800614D6B /* Assets.xcassets */ = {isa = PBXFileReference; lastKnownFileType = folder.assetcatalog; path = Assets.xcassets; sourceTree = "<group>"; };
		FC83523F298EC1F800614D6B /* Preview Assets.xcassets */ = {isa = PBXFileReference; lastKnownFileType = folder.assetcatalog; path = "Preview Assets.xcassets"; sourceTree = "<group>"; };
		FCCDCEF229B1BCE400924E08 /* AppDelegate.swift */ = {isa = PBXFileReference; lastKnownFileType = sourcecode.swift; path = AppDelegate.swift; sourceTree = "<group>"; };
		FCCDCEF629B1BEEE00924E08 /* RotateViewModel.swift */ = {isa = PBXFileReference; lastKnownFileType = sourcecode.swift; path = RotateViewModel.swift; sourceTree = "<group>"; };
		FCCDCEF829B1CA3D00924E08 /* Info.plist */ = {isa = PBXFileReference; lastKnownFileType = text.plist; path = Info.plist; sourceTree = "<group>"; };
		FCF5A93929B35587004154F2 /* PickerView.swift */ = {isa = PBXFileReference; lastKnownFileType = sourcecode.swift; path = PickerView.swift; sourceTree = "<group>"; };
		FCF5A93B29B35602004154F2 /* PickerViewModel.swift */ = {isa = PBXFileReference; lastKnownFileType = sourcecode.swift; path = PickerViewModel.swift; sourceTree = "<group>"; };
		FCF5A93D29B5B5E5004154F2 /* TimerView.swift */ = {isa = PBXFileReference; lastKnownFileType = sourcecode.swift; path = TimerView.swift; sourceTree = "<group>"; };
		FCF5A93F29B5B62A004154F2 /* TimerViewModel.swift */ = {isa = PBXFileReference; lastKnownFileType = sourcecode.swift; path = TimerViewModel.swift; sourceTree = "<group>"; };
		FCF5A94129B650DD004154F2 /* RadioButtonsView.swift */ = {isa = PBXFileReference; lastKnownFileType = sourcecode.swift; path = RadioButtonsView.swift; sourceTree = "<group>"; };
		FCF5A94329B65B71004154F2 /* RadioButtonsViewModel.swift */ = {isa = PBXFileReference; lastKnownFileType = sourcecode.swift; path = RadioButtonsViewModel.swift; sourceTree = "<group>"; };
		FCF5A94529B715DA004154F2 /* ApplicationNotificationView.swift */ = {isa = PBXFileReference; lastKnownFileType = sourcecode.swift; path = ApplicationNotificationView.swift; sourceTree = "<group>"; };
		FCF5A94729B85D0A004154F2 /* PlaySoundView.swift */ = {isa = PBXFileReference; lastKnownFileType = sourcecode.swift; path = PlaySoundView.swift; sourceTree = "<group>"; };
		FCF5A94929B85D8A004154F2 /* PlaySoundViewModel.swift */ = {isa = PBXFileReference; lastKnownFileType = sourcecode.swift; path = PlaySoundViewModel.swift; sourceTree = "<group>"; };
/* End PBXFileReference section */

/* Begin PBXFrameworksBuildPhase section */
		FC835232298EC1F400614D6B /* Frameworks */ = {
			isa = PBXFrameworksBuildPhase;
			buildActionMask = 2147483647;
			files = (
				EDA7F3681E158AE4B19D6CA3 /* Pods_Test.framework in Frameworks */,
			);
			runOnlyForDeploymentPostprocessing = 0;
		};
/* End PBXFrameworksBuildPhase section */

/* Begin PBXGroup section */
		8D852AC5F2D36A4654F9F58C /* Pods */ = {
			isa = PBXGroup;
			children = (
				0165407A1D8233AB14A498BE /* Pods-Test.debug.xcconfig */,
				D1A1EFBC1168912841A53ABF /* Pods-Test.release.xcconfig */,
			);
			path = Pods;
			sourceTree = "<group>";
		};
		EE403CB13E0597D3CFD93E15 /* Frameworks */ = {
			isa = PBXGroup;
			children = (
				D02C86E60EC69CF7566260D5 /* Pods_Test.framework */,
			);
			name = Frameworks;
			sourceTree = "<group>";
		};
		FC1756D029C848AB00FD639F /* DB */ = {
			isa = PBXGroup;
			children = (
				FC1756D129C848BF00FD639F /* DatabaseTableData.swift */,
				FC1756D329C8492800FD639F /* DatabaseManage.swift */,
			);
			path = DB;
			sourceTree = "<group>";
		};
		FC1756DA29CAD0CD00FD639F /* Additional */ = {
			isa = PBXGroup;
			children = (
				FC1756D829CAD06600FD639F /* Date+Additional.swift */,
			);
			path = Additional;
			sourceTree = "<group>";
		};
		FC1756E729D1561D00FD639F /* Const */ = {
			isa = PBXGroup;
			children = (
				FC1756E829D1566B00FD639F /* EnumAttribute.swift */,
			);
			path = Const;
			sourceTree = "<group>";
		};
		FC83522C298EC1F400614D6B = {
			isa = PBXGroup;
			children = (
				FC835237298EC1F400614D6B /* Test */,
				FC835236298EC1F400614D6B /* Products */,
				8D852AC5F2D36A4654F9F58C /* Pods */,
				EE403CB13E0597D3CFD93E15 /* Frameworks */,
			);
			sourceTree = "<group>";
		};
		FC835236298EC1F400614D6B /* Products */ = {
			isa = PBXGroup;
			children = (
				FC835235298EC1F400614D6B /* Test.app */,
			);
			name = Products;
			sourceTree = "<group>";
		};
		FC835237298EC1F400614D6B /* Test */ = {
			isa = PBXGroup;
			children = (
				FCCDCEF829B1CA3D00924E08 /* Info.plist */,
				FCCDCEF229B1BCE400924E08 /* AppDelegate.swift */,
				FC835238298EC1F400614D6B /* TestApp.swift */,
				FC1756E729D1561D00FD639F /* Const */,
				FC1756DA29CAD0CD00FD639F /* Additional */,
				FC1756D029C848AB00FD639F /* DB */,
				FCCDCEF029B1BCB900924E08 /* Model */,
				FCCDCEF129B1BCC400924E08 /* View */,
				FC83523C298EC1F800614D6B /* Assets.xcassets */,
				FC83523E298EC1F800614D6B /* Preview Content */,
			);
			path = Test;
			sourceTree = "<group>";
		};
		FC83523E298EC1F800614D6B /* Preview Content */ = {
			isa = PBXGroup;
			children = (
				FC83523F298EC1F800614D6B /* Preview Assets.xcassets */,
			);
			path = "Preview Content";
			sourceTree = "<group>";
		};
		FCCDCEF029B1BCB900924E08 /* Model */ = {
			isa = PBXGroup;
			children = (
				FCCDCEF629B1BEEE00924E08 /* RotateViewModel.swift */,
				FCF5A93B29B35602004154F2 /* PickerViewModel.swift */,
				FCF5A93F29B5B62A004154F2 /* TimerViewModel.swift */,
				FCF5A94329B65B71004154F2 /* RadioButtonsViewModel.swift */,
				FCF5A94929B85D8A004154F2 /* PlaySoundViewModel.swift */,
				FC0FD5A829B89F7200CBDA79 /* LiveAudioViewModel.swift */,
				FC14A41629BB11EA00C49D2C /* DelayProcessingViewModel.swift */,
				FC14A41A29C041DA00C49D2C /* ShowAlertViewModel.swift */,
				FC7F398029C2CCFE0071FA03 /* TransScreenViewModel.swift */,
				FC1756CE29C847FA00FD639F /* DatabaseListViewModel.swift */,
				FC1756EF29D29F5500FD639F /* SpeechViewModel.swift */,
			);
			path = Model;
			sourceTree = "<group>";
		};
		FCCDCEF129B1BCC400924E08 /* View */ = {
			isa = PBXGroup;
			children = (
				FC83523A298EC1F400614D6B /* RotateView.swift */,
				FCF5A93929B35587004154F2 /* PickerView.swift */,
				FCF5A93D29B5B5E5004154F2 /* TimerView.swift */,
				FCF5A94129B650DD004154F2 /* RadioButtonsView.swift */,
				FCF5A94529B715DA004154F2 /* ApplicationNotificationView.swift */,
				FCF5A94729B85D0A004154F2 /* PlaySoundView.swift */,
				FC0FD5A629B89F4000CBDA79 /* LiveAudioView.swift */,
				FC14A41429BB119700C49D2C /* DelayProcessingView.swift */,
				FC14A41829C0416D00C49D2C /* ShowAlertView.swift */,
				FC14A41C29C1A62600C49D2C /* TextNumberView.swift */,
				FC7F397E29C2CCA70071FA03 /* TransScreenView.swift */,
				FC7F398229C2CDCE0071FA03 /* TransScreenSecondView.swift */,
				FC1756CC29C8479000FD639F /* DatabaseListView.swift */,
				FC1756E529D155FF00FD639F /* EnumAllView.swift */,
				FC1756ED29D29F3400FD639F /* SpeechView.swift */,
				FC1756F129D4078500FD639F /* UserInterfaceView.swift */,
			);
			path = View;
			sourceTree = "<group>";
		};
/* End PBXGroup section */

/* Begin PBXNativeTarget section */
		FC835234298EC1F400614D6B /* Test */ = {
			isa = PBXNativeTarget;
			buildConfigurationList = FC835243298EC1F800614D6B /* Build configuration list for PBXNativeTarget "Test" */;
			buildPhases = (
				5EE113415239FF1846473622 /* [CP] Check Pods Manifest.lock */,
				FC835231298EC1F400614D6B /* Sources */,
				FC835232298EC1F400614D6B /* Frameworks */,
				FC835233298EC1F400614D6B /* Resources */,
				1CB5D65FF758C04B964B6F20 /* [CP] Embed Pods Frameworks */,
			);
			buildRules = (
			);
			dependencies = (
			);
			name = Test;
			productName = Test;
			productReference = FC835235298EC1F400614D6B /* Test.app */;
			productType = "com.apple.product-type.application";
		};
/* End PBXNativeTarget section */

/* Begin PBXProject section */
		FC83522D298EC1F400614D6B /* Project object */ = {
			isa = PBXProject;
			attributes = {
				BuildIndependentTargetsInParallel = 1;
				LastSwiftUpdateCheck = 1410;
				LastUpgradeCheck = 1410;
				TargetAttributes = {
					FC835234298EC1F400614D6B = {
						CreatedOnToolsVersion = 14.1;
					};
				};
			};
			buildConfigurationList = FC835230298EC1F400614D6B /* Build configuration list for PBXProject "Test" */;
			compatibilityVersion = "Xcode 14.0";
			developmentRegion = en;
			hasScannedForEncodings = 0;
			knownRegions = (
				en,
				Base,
			);
			mainGroup = FC83522C298EC1F400614D6B;
			productRefGroup = FC835236298EC1F400614D6B /* Products */;
			projectDirPath = "";
			projectRoot = "";
			targets = (
				FC835234298EC1F400614D6B /* Test */,
			);
		};
/* End PBXProject section */

/* Begin PBXResourcesBuildPhase section */
		FC835233298EC1F400614D6B /* Resources */ = {
			isa = PBXResourcesBuildPhase;
			buildActionMask = 2147483647;
			files = (
				FC835240298EC1F800614D6B /* Preview Assets.xcassets in Resources */,
				FC83523D298EC1F800614D6B /* Assets.xcassets in Resources */,
			);
			runOnlyForDeploymentPostprocessing = 0;
		};
/* End PBXResourcesBuildPhase section */

/* Begin PBXShellScriptBuildPhase section */
		1CB5D65FF758C04B964B6F20 /* [CP] Embed Pods Frameworks */ = {
			isa = PBXShellScriptBuildPhase;
			buildActionMask = 2147483647;
			files = (
			);
			inputFileListPaths = (
				"${PODS_ROOT}/Target Support Files/Pods-Test/Pods-Test-frameworks-${CONFIGURATION}-input-files.xcfilelist",
			);
			name = "[CP] Embed Pods Frameworks";
			outputFileListPaths = (
				"${PODS_ROOT}/Target Support Files/Pods-Test/Pods-Test-frameworks-${CONFIGURATION}-output-files.xcfilelist",
			);
			runOnlyForDeploymentPostprocessing = 0;
			shellPath = /bin/sh;
			shellScript = "\"${PODS_ROOT}/Target Support Files/Pods-Test/Pods-Test-frameworks.sh\"\n";
			showEnvVarsInLog = 0;
		};
		5EE113415239FF1846473622 /* [CP] Check Pods Manifest.lock */ = {
			isa = PBXShellScriptBuildPhase;
			buildActionMask = 2147483647;
			files = (
			);
			inputFileListPaths = (
			);
			inputPaths = (
				"${PODS_PODFILE_DIR_PATH}/Podfile.lock",
				"${PODS_ROOT}/Manifest.lock",
			);
			name = "[CP] Check Pods Manifest.lock";
			outputFileListPaths = (
			);
			outputPaths = (
				"$(DERIVED_FILE_DIR)/Pods-Test-checkManifestLockResult.txt",
			);
			runOnlyForDeploymentPostprocessing = 0;
			shellPath = /bin/sh;
			shellScript = "diff \"${PODS_PODFILE_DIR_PATH}/Podfile.lock\" \"${PODS_ROOT}/Manifest.lock\" > /dev/null\nif [ $? != 0 ] ; then\n    # print error to STDERR\n    echo \"error: The sandbox is not in sync with the Podfile.lock. Run 'pod install' or update your CocoaPods installation.\" >&2\n    exit 1\nfi\n# This output is used by Xcode 'outputs' to avoid re-running this script phase.\necho \"SUCCESS\" > \"${SCRIPT_OUTPUT_FILE_0}\"\n";
			showEnvVarsInLog = 0;
		};
/* End PBXShellScriptBuildPhase section */

/* Begin PBXSourcesBuildPhase section */
		FC835231298EC1F400614D6B /* Sources */ = {
			isa = PBXSourcesBuildPhase;
			buildActionMask = 2147483647;
			files = (
				FCF5A93E29B5B5E5004154F2 /* TimerView.swift in Sources */,
				FC14A41D29C1A62600C49D2C /* TextNumberView.swift in Sources */,
				FC7F397F29C2CCA70071FA03 /* TransScreenView.swift in Sources */,
				FC14A41529BB119700C49D2C /* DelayProcessingView.swift in Sources */,
				FCF5A93C29B35602004154F2 /* PickerViewModel.swift in Sources */,
				FC1756E629D155FF00FD639F /* EnumAllView.swift in Sources */,
				FC1756F229D4078500FD639F /* UserInterfaceView.swift in Sources */,
				FCF5A94A29B85D8A004154F2 /* PlaySoundViewModel.swift in Sources */,
				FC1756CD29C8479000FD639F /* DatabaseListView.swift in Sources */,
				FCCDCEF729B1BEEE00924E08 /* RotateViewModel.swift in Sources */,
				FC1756E929D1566B00FD639F /* EnumAttribute.swift in Sources */,
				FC1756EE29D29F3400FD639F /* SpeechView.swift in Sources */,
				FC7F398129C2CCFE0071FA03 /* TransScreenViewModel.swift in Sources */,
				FCF5A94629B715DA004154F2 /* ApplicationNotificationView.swift in Sources */,
				FC14A41729BB11EA00C49D2C /* DelayProcessingViewModel.swift in Sources */,
				FC1756D229C848BF00FD639F /* DatabaseTableData.swift in Sources */,
				FC1756CF29C847FA00FD639F /* DatabaseListViewModel.swift in Sources */,
				FCCDCEF329B1BCE400924E08 /* AppDelegate.swift in Sources */,
				FCF5A94029B5B62A004154F2 /* TimerViewModel.swift in Sources */,
				FC0FD5A729B89F4100CBDA79 /* LiveAudioView.swift in Sources */,
				FC14A41B29C041DA00C49D2C /* ShowAlertViewModel.swift in Sources */,
				FC1756F029D29F5500FD639F /* SpeechViewModel.swift in Sources */,
				FC7F398329C2CDCE0071FA03 /* TransScreenSecondView.swift in Sources */,
				FC14A41929C0416D00C49D2C /* ShowAlertView.swift in Sources */,
				FC83523B298EC1F400614D6B /* RotateView.swift in Sources */,
				FCF5A94429B65B71004154F2 /* RadioButtonsViewModel.swift in Sources */,
				FC0FD5A929B89F7200CBDA79 /* LiveAudioViewModel.swift in Sources */,
				FC1756D429C8492800FD639F /* DatabaseManage.swift in Sources */,
				FCF5A94829B85D0B004154F2 /* PlaySoundView.swift in Sources */,
				FCF5A93A29B35587004154F2 /* PickerView.swift in Sources */,
				FC835239298EC1F400614D6B /* TestApp.swift in Sources */,
				FC1756D929CAD06600FD639F /* Date+Additional.swift in Sources */,
				FCF5A94229B650DD004154F2 /* RadioButtonsView.swift in Sources */,
			);
			runOnlyForDeploymentPostprocessing = 0;
		};
/* End PBXSourcesBuildPhase section */

/* Begin XCBuildConfiguration section */
		FC835241298EC1F800614D6B /* Debug */ = {
			isa = XCBuildConfiguration;
			buildSettings = {
				ALWAYS_SEARCH_USER_PATHS = NO;
				CLANG_ANALYZER_NONNULL = YES;
				CLANG_ANALYZER_NUMBER_OBJECT_CONVERSION = YES_AGGRESSIVE;
				CLANG_CXX_LANGUAGE_STANDARD = "gnu++20";
				CLANG_ENABLE_MODULES = YES;
				CLANG_ENABLE_OBJC_ARC = YES;
				CLANG_ENABLE_OBJC_WEAK = YES;
				CLANG_WARN_BLOCK_CAPTURE_AUTORELEASING = YES;
				CLANG_WARN_BOOL_CONVERSION = YES;
				CLANG_WARN_COMMA = YES;
				CLANG_WARN_CONSTANT_CONVERSION = YES;
				CLANG_WARN_DEPRECATED_OBJC_IMPLEMENTATIONS = YES;
				CLANG_WARN_DIRECT_OBJC_ISA_USAGE = YES_ERROR;
				CLANG_WARN_DOCUMENTATION_COMMENTS = YES;
				CLANG_WARN_EMPTY_BODY = YES;
				CLANG_WARN_ENUM_CONVERSION = YES;
				CLANG_WARN_INFINITE_RECURSION = YES;
				CLANG_WARN_INT_CONVERSION = YES;
				CLANG_WARN_NON_LITERAL_NULL_CONVERSION = YES;
				CLANG_WARN_OBJC_IMPLICIT_RETAIN_SELF = YES;
				CLANG_WARN_OBJC_LITERAL_CONVERSION = YES;
				CLANG_WARN_OBJC_ROOT_CLASS = YES_ERROR;
				CLANG_WARN_QUOTED_INCLUDE_IN_FRAMEWORK_HEADER = YES;
				CLANG_WARN_RANGE_LOOP_ANALYSIS = YES;
				CLANG_WARN_STRICT_PROTOTYPES = YES;
				CLANG_WARN_SUSPICIOUS_MOVE = YES;
				CLANG_WARN_UNGUARDED_AVAILABILITY = YES_AGGRESSIVE;
				CLANG_WARN_UNREACHABLE_CODE = YES;
				CLANG_WARN__DUPLICATE_METHOD_MATCH = YES;
				COPY_PHASE_STRIP = NO;
				DEBUG_INFORMATION_FORMAT = dwarf;
				ENABLE_STRICT_OBJC_MSGSEND = YES;
				ENABLE_TESTABILITY = YES;
				GCC_C_LANGUAGE_STANDARD = gnu11;
				GCC_DYNAMIC_NO_PIC = NO;
				GCC_NO_COMMON_BLOCKS = YES;
				GCC_OPTIMIZATION_LEVEL = 0;
				GCC_PREPROCESSOR_DEFINITIONS = (
					"DEBUG=1",
					"$(inherited)",
				);
				GCC_WARN_64_TO_32_BIT_CONVERSION = YES;
				GCC_WARN_ABOUT_RETURN_TYPE = YES_ERROR;
				GCC_WARN_UNDECLARED_SELECTOR = YES;
				GCC_WARN_UNINITIALIZED_AUTOS = YES_AGGRESSIVE;
				GCC_WARN_UNUSED_FUNCTION = YES;
				GCC_WARN_UNUSED_VARIABLE = YES;
				IPHONEOS_DEPLOYMENT_TARGET = 16.1;
				MTL_ENABLE_DEBUG_INFO = INCLUDE_SOURCE;
				MTL_FAST_MATH = YES;
				ONLY_ACTIVE_ARCH = YES;
				SDKROOT = iphoneos;
				SWIFT_ACTIVE_COMPILATION_CONDITIONS = DEBUG;
				SWIFT_OPTIMIZATION_LEVEL = "-Onone";
			};
			name = Debug;
		};
		FC835242298EC1F800614D6B /* Release */ = {
			isa = XCBuildConfiguration;
			buildSettings = {
				ALWAYS_SEARCH_USER_PATHS = NO;
				CLANG_ANALYZER_NONNULL = YES;
				CLANG_ANALYZER_NUMBER_OBJECT_CONVERSION = YES_AGGRESSIVE;
				CLANG_CXX_LANGUAGE_STANDARD = "gnu++20";
				CLANG_ENABLE_MODULES = YES;
				CLANG_ENABLE_OBJC_ARC = YES;
				CLANG_ENABLE_OBJC_WEAK = YES;
				CLANG_WARN_BLOCK_CAPTURE_AUTORELEASING = YES;
				CLANG_WARN_BOOL_CONVERSION = YES;
				CLANG_WARN_COMMA = YES;
				CLANG_WARN_CONSTANT_CONVERSION = YES;
				CLANG_WARN_DEPRECATED_OBJC_IMPLEMENTATIONS = YES;
				CLANG_WARN_DIRECT_OBJC_ISA_USAGE = YES_ERROR;
				CLANG_WARN_DOCUMENTATION_COMMENTS = YES;
				CLANG_WARN_EMPTY_BODY = YES;
				CLANG_WARN_ENUM_CONVERSION = YES;
				CLANG_WARN_INFINITE_RECURSION = YES;
				CLANG_WARN_INT_CONVERSION = YES;
				CLANG_WARN_NON_LITERAL_NULL_CONVERSION = YES;
				CLANG_WARN_OBJC_IMPLICIT_RETAIN_SELF = YES;
				CLANG_WARN_OBJC_LITERAL_CONVERSION = YES;
				CLANG_WARN_OBJC_ROOT_CLASS = YES_ERROR;
				CLANG_WARN_QUOTED_INCLUDE_IN_FRAMEWORK_HEADER = YES;
				CLANG_WARN_RANGE_LOOP_ANALYSIS = YES;
				CLANG_WARN_STRICT_PROTOTYPES = YES;
				CLANG_WARN_SUSPICIOUS_MOVE = YES;
				CLANG_WARN_UNGUARDED_AVAILABILITY = YES_AGGRESSIVE;
				CLANG_WARN_UNREACHABLE_CODE = YES;
				CLANG_WARN__DUPLICATE_METHOD_MATCH = YES;
				COPY_PHASE_STRIP = NO;
				DEBUG_INFORMATION_FORMAT = "dwarf-with-dsym";
				ENABLE_NS_ASSERTIONS = NO;
				ENABLE_STRICT_OBJC_MSGSEND = YES;
				GCC_C_LANGUAGE_STANDARD = gnu11;
				GCC_NO_COMMON_BLOCKS = YES;
				GCC_WARN_64_TO_32_BIT_CONVERSION = YES;
				GCC_WARN_ABOUT_RETURN_TYPE = YES_ERROR;
				GCC_WARN_UNDECLARED_SELECTOR = YES;
				GCC_WARN_UNINITIALIZED_AUTOS = YES_AGGRESSIVE;
				GCC_WARN_UNUSED_FUNCTION = YES;
				GCC_WARN_UNUSED_VARIABLE = YES;
				IPHONEOS_DEPLOYMENT_TARGET = 16.1;
				MTL_ENABLE_DEBUG_INFO = NO;
				MTL_FAST_MATH = YES;
				SDKROOT = iphoneos;
				SWIFT_COMPILATION_MODE = wholemodule;
				SWIFT_OPTIMIZATION_LEVEL = "-O";
				VALIDATE_PRODUCT = YES;
			};
			name = Release;
		};
		FC835244298EC1F800614D6B /* Debug */ = {
			isa = XCBuildConfiguration;
			baseConfigurationReference = 0165407A1D8233AB14A498BE /* Pods-Test.debug.xcconfig */;
			buildSettings = {
				ASSETCATALOG_COMPILER_APPICON_NAME = AppIcon;
				ASSETCATALOG_COMPILER_GLOBAL_ACCENT_COLOR_NAME = AccentColor;
				CODE_SIGN_STYLE = Automatic;
				CURRENT_PROJECT_VERSION = 1;
				DEVELOPMENT_ASSET_PATHS = "\"Test/Preview Content\"";
				DEVELOPMENT_TEAM = 3NN78ZST83;
				ENABLE_PREVIEWS = YES;
				GENERATE_INFOPLIST_FILE = YES;
				INFOPLIST_FILE = Test/Info.plist;
				INFOPLIST_KEY_UIApplicationSupportsIndirectInputEvents = YES;
				INFOPLIST_KEY_UILaunchScreen_Generation = YES;
				INFOPLIST_KEY_UIStatusBarStyle = "";
				INFOPLIST_KEY_UISupportedInterfaceOrientations = "UIInterfaceOrientationLandscapeLeft UIInterfaceOrientationLandscapeRight UIInterfaceOrientationPortrait";
				INFOPLIST_KEY_UISupportedInterfaceOrientations_iPad = "UIInterfaceOrientationLandscapeLeft UIInterfaceOrientationLandscapeRight UIInterfaceOrientationPortrait UIInterfaceOrientationPortraitUpsideDown";
				LD_RUNPATH_SEARCH_PATHS = (
					"$(inherited)",
					"@executable_path/Frameworks",
				);
				MARKETING_VERSION = 1.0;
				PRODUCT_BUNDLE_IDENTIFIER = "com.seeking-star.Test";
				PRODUCT_NAME = "$(TARGET_NAME)";
				SUPPORTED_PLATFORMS = "iphoneos iphonesimulator";
				SUPPORTS_MACCATALYST = NO;
				SUPPORTS_MAC_DESIGNED_FOR_IPHONE_IPAD = NO;
				SWIFT_EMIT_LOC_STRINGS = YES;
				SWIFT_VERSION = 5.0;
				TARGETED_DEVICE_FAMILY = 1;
			};
			name = Debug;
		};
		FC835245298EC1F800614D6B /* Release */ = {
			isa = XCBuildConfiguration;
			baseConfigurationReference = D1A1EFBC1168912841A53ABF /* Pods-Test.release.xcconfig */;
			buildSettings = {
				ASSETCATALOG_COMPILER_APPICON_NAME = AppIcon;
				ASSETCATALOG_COMPILER_GLOBAL_ACCENT_COLOR_NAME = AccentColor;
				CODE_SIGN_STYLE = Automatic;
				CURRENT_PROJECT_VERSION = 1;
				DEVELOPMENT_ASSET_PATHS = "\"Test/Preview Content\"";
				DEVELOPMENT_TEAM = 3NN78ZST83;
				ENABLE_PREVIEWS = YES;
				GENERATE_INFOPLIST_FILE = YES;
				INFOPLIST_FILE = Test/Info.plist;
				INFOPLIST_KEY_UIApplicationSupportsIndirectInputEvents = YES;
				INFOPLIST_KEY_UILaunchScreen_Generation = YES;
				INFOPLIST_KEY_UIStatusBarStyle = "";
				INFOPLIST_KEY_UISupportedInterfaceOrientations = "UIInterfaceOrientationLandscapeLeft UIInterfaceOrientationLandscapeRight UIInterfaceOrientationPortrait";
				INFOPLIST_KEY_UISupportedInterfaceOrientations_iPad = "UIInterfaceOrientationLandscapeLeft UIInterfaceOrientationLandscapeRight UIInterfaceOrientationPortrait UIInterfaceOrientationPortraitUpsideDown";
				LD_RUNPATH_SEARCH_PATHS = (
					"$(inherited)",
					"@executable_path/Frameworks",
				);
				MARKETING_VERSION = 1.0;
				PRODUCT_BUNDLE_IDENTIFIER = "com.seeking-star.Test";
				PRODUCT_NAME = "$(TARGET_NAME)";
				SUPPORTED_PLATFORMS = "iphoneos iphonesimulator";
				SUPPORTS_MACCATALYST = NO;
				SUPPORTS_MAC_DESIGNED_FOR_IPHONE_IPAD = NO;
				SWIFT_EMIT_LOC_STRINGS = YES;
				SWIFT_VERSION = 5.0;
				TARGETED_DEVICE_FAMILY = 1;
			};
			name = Release;
		};
/* End XCBuildConfiguration section */

/* Begin XCConfigurationList section */
		FC835230298EC1F400614D6B /* Build configuration list for PBXProject "Test" */ = {
			isa = XCConfigurationList;
			buildConfigurations = (
				FC835241298EC1F800614D6B /* Debug */,
				FC835242298EC1F800614D6B /* Release */,
			);
			defaultConfigurationIsVisible = 0;
			defaultConfigurationName = Release;
		};
		FC835243298EC1F800614D6B /* Build configuration list for PBXNativeTarget "Test" */ = {
			isa = XCConfigurationList;
			buildConfigurations = (
				FC835244298EC1F800614D6B /* Debug */,
				FC835245298EC1F800614D6B /* Release */,
			);
			defaultConfigurationIsVisible = 0;
			defaultConfigurationName = Release;
		};
/* End XCConfigurationList section */
	};
	rootObject = FC83522D298EC1F400614D6B /* Project object */;
}
